# This file is automatically @generated by Cargo.
# It is not intended for manual editing.
version = 4

[[package]]
name = "percolator"
version = "0.1.0"

[[package]]
name = "perp-engine"
version = "0.1.0"
dependencies = [
 "percolator",
 "simple-amm",
]

[[package]]
name = "simple-amm"
version = "0.1.0"
